
Microsoft Visual Studio Solution File, Format Version 12.00
# Visual Studio 2013
VisualStudioVersion = 12.0.40629.0
MinimumVisualStudioVersion = 10.0.40219.1
Project("{FAE04EC0-301F-11D3-BF4B-00C04F79EFBC}") = "CuttingRodApp", "CuttingRodApp\CuttingRodApp.csproj", "{97DBDABB-FE8F-4F0F-91F7-0214A5E15ACD}"
EndProject
Project("{FAE04EC0-301F-11D3-BF4B-00C04F79EFBC}") = "UnitTests", "UnitTests\UnitTests.csproj", "{D09A0ACF-003B-4D81-8E21-A1E706EED94D}"
EndProject
Global
	GlobalSection(SolutionConfigurationPlatforms) = preSolution
		Debug|Any CPU = Debug|Any CPU
		Release|Any CPU = Release|Any CPU
	EndGlobalSection
	GlobalSection(ProjectConfigurationPlatforms) = postSolution
		{97DBDABB-FE8F-4F0F-91F7-0214A5E15ACD}.Debug|Any CPU.ActiveCfg = Debug|Any CPU
		{97DBDABB-FE8F-4F0F-91F7-0214A5E15ACD}.Debug|Any CPU.Build.0 = Debug|Any CPU
		{97DBDABB-FE8F-4F0F-91F7-0214A5E15ACD}.Release|Any CPU.ActiveCfg = Release|Any CPU
		{97DBDABB-FE8F-4F0F-91F7-0214A5E15ACD}.Release|Any CPU.Build.0 = Release|Any CPU
		{D09A0ACF-003B-4D81-8E21-A1E706EED94D}.Debug|Any CPU.ActiveCfg = Debug|Any CPU
		{D09A0ACF-003B-4D81-8E21-A1E706EED94D}.Debug|Any CPU.Build.0 = Debug|Any CPU
		{D09A0ACF-003B-4D81-8E21-A1E706EED94D}.Release|Any CPU.ActiveCfg = Release|Any CPU
		{D09A0ACF-003B-4D81-8E21-A1E706EED94D}.Release|Any CPU.Build.0 = Release|Any CPU
	EndGlobalSection
	GlobalSection(SolutionProperties) = preSolution
		HideSolutionNode = FALSE
	EndGlobalSection
EndGlobal
